// !$*UTF8*$!
{
	archiveVersion = 1;
	classes = {
	};
	objectVersion = 56;
	objects = {

/* Begin PBXBuildFile section */
		93102C862A392EB100BDA639 /* LiveGameDataModel.swift in Sources */ = {isa = PBXBuildFile; fileRef = 93102C852A392EB000BDA639 /* LiveGameDataModel.swift */; };
		931A42212A410F620032FA76 /* LiveGameView.swift in Sources */ = {isa = PBXBuildFile; fileRef = 931A42202A410F610032FA76 /* LiveGameView.swift */; };
		931A42252A411A870032FA76 /* LiveGameVC.swift in Sources */ = {isa = PBXBuildFile; fileRef = 931A42242A411A870032FA76 /* LiveGameVC.swift */; };
		931A42272A4649C70032FA76 /* QuarterBreakdownView.swift in Sources */ = {isa = PBXBuildFile; fileRef = 931A42262A4649C70032FA76 /* QuarterBreakdownView.swift */; };
		931A422B2A4A7C0D0032FA76 /* StatLeadersView.swift in Sources */ = {isa = PBXBuildFile; fileRef = 931A422A2A4A7C0D0032FA76 /* StatLeadersView.swift */; };
		931A422D2A4B87200032FA76 /* StatLeadersRow.swift in Sources */ = {isa = PBXBuildFile; fileRef = 931A422C2A4B87200032FA76 /* StatLeadersRow.swift */; };
		931A42302A4E36C20032FA76 /* LiveGameDataManager.swift in Sources */ = {isa = PBXBuildFile; fileRef = 931A422F2A4E36C20032FA76 /* LiveGameDataManager.swift */; };
		93716C672A5623140094DF4D /* StandingsVC.swift in Sources */ = {isa = PBXBuildFile; fileRef = 93716C662A5623140094DF4D /* StandingsVC.swift */; };
		93716C692A5748D20094DF4D /* TabBar.swift in Sources */ = {isa = PBXBuildFile; fileRef = 93716C682A5748D20094DF4D /* TabBar.swift */; };
		93716C6B2A5776FB0094DF4D /* Assets.xcassets in Resources */ = {isa = PBXBuildFile; fileRef = 93716C6A2A5776FB0094DF4D /* Assets.xcassets */; };
		93716C6E2A5891980094DF4D /* StandingsView.swift in Sources */ = {isa = PBXBuildFile; fileRef = 93716C6D2A5891980094DF4D /* StandingsView.swift */; };
		93716C712A58B5BB0094DF4D /* StandingsDataModel.swift in Sources */ = {isa = PBXBuildFile; fileRef = 93716C702A58B5BB0094DF4D /* StandingsDataModel.swift */; };
		93716C782A5B47AD0094DF4D /* StandingsViewCell.swift in Sources */ = {isa = PBXBuildFile; fileRef = 93716C772A5B47AD0094DF4D /* StandingsViewCell.swift */; };
		93716C7A2A5BAED90094DF4D /* StandingsViewHeader.swift in Sources */ = {isa = PBXBuildFile; fileRef = 93716C792A5BAED90094DF4D /* StandingsViewHeader.swift */; };
		93716C7C2A5C66B40094DF4D /* StandingsViewFooter.swift in Sources */ = {isa = PBXBuildFile; fileRef = 93716C7B2A5C66B40094DF4D /* StandingsViewFooter.swift */; };
		93716C7E2A60A76A0094DF4D /* StandingsDataManager.swift in Sources */ = {isa = PBXBuildFile; fileRef = 93716C7D2A60A76A0094DF4D /* StandingsDataManager.swift */; };
		93C64F6F2B06D825001F4A4D /* SplitTeamColorView.swift in Sources */ = {isa = PBXBuildFile; fileRef = 93C64F6E2B06D825001F4A4D /* SplitTeamColorView.swift */; };
		93D2CE372A0C4B4F00C480E9 /* AppDelegate.swift in Sources */ = {isa = PBXBuildFile; fileRef = 93D2CE362A0C4B4F00C480E9 /* AppDelegate.swift */; };
		93D2CE392A0C4B4F00C480E9 /* SceneDelegate.swift in Sources */ = {isa = PBXBuildFile; fileRef = 93D2CE382A0C4B4F00C480E9 /* SceneDelegate.swift */; };
		93D2CE3B2A0C4B4F00C480E9 /* GameSlateVC.swift in Sources */ = {isa = PBXBuildFile; fileRef = 93D2CE3A2A0C4B4F00C480E9 /* GameSlateVC.swift */; };
		93D2CE3E2A0C4B4F00C480E9 /* Main.storyboard in Resources */ = {isa = PBXBuildFile; fileRef = 93D2CE3C2A0C4B4F00C480E9 /* Main.storyboard */; };
		93D2CE432A0C4B5100C480E9 /* LaunchScreen.storyboard in Resources */ = {isa = PBXBuildFile; fileRef = 93D2CE412A0C4B5100C480E9 /* LaunchScreen.storyboard */; };
		93D2CE4B2A0C4B5F00C480E9 /* ColorManager.swift in Sources */ = {isa = PBXBuildFile; fileRef = 93D2CE4A2A0C4B5F00C480E9 /* ColorManager.swift */; };
		93D2CE512A0C4F1800C480E9 /* GameSlateView.swift in Sources */ = {isa = PBXBuildFile; fileRef = 93D2CE502A0C4F1800C480E9 /* GameSlateView.swift */; };
		93D2CE532A12E28700C480E9 /* GameScoresCell.swift in Sources */ = {isa = PBXBuildFile; fileRef = 93D2CE522A12E28700C480E9 /* GameScoresCell.swift */; };
		93D2CE5B2A201EFA00C480E9 /* GameSlateDataModel.swift in Sources */ = {isa = PBXBuildFile; fileRef = 93D2CE5A2A201EFA00C480E9 /* GameSlateDataModel.swift */; };
		93D2CE5D2A201F0F00C480E9 /* GameSlateDataManager.swift in Sources */ = {isa = PBXBuildFile; fileRef = 93D2CE5C2A201F0F00C480E9 /* GameSlateDataManager.swift */; };
/* End PBXBuildFile section */

/* Begin PBXFileReference section */
		93102C852A392EB000BDA639 /* LiveGameDataModel.swift */ = {isa = PBXFileReference; lastKnownFileType = sourcecode.swift; path = LiveGameDataModel.swift; sourceTree = "<group>"; };
		931A42202A410F610032FA76 /* LiveGameView.swift */ = {isa = PBXFileReference; lastKnownFileType = sourcecode.swift; path = LiveGameView.swift; sourceTree = "<group>"; };
		931A42242A411A870032FA76 /* LiveGameVC.swift */ = {isa = PBXFileReference; lastKnownFileType = sourcecode.swift; path = LiveGameVC.swift; sourceTree = "<group>"; };
		931A42262A4649C70032FA76 /* QuarterBreakdownView.swift */ = {isa = PBXFileReference; lastKnownFileType = sourcecode.swift; path = QuarterBreakdownView.swift; sourceTree = "<group>"; };
		931A422A2A4A7C0D0032FA76 /* StatLeadersView.swift */ = {isa = PBXFileReference; lastKnownFileType = sourcecode.swift; path = StatLeadersView.swift; sourceTree = "<group>"; };
		931A422C2A4B87200032FA76 /* StatLeadersRow.swift */ = {isa = PBXFileReference; lastKnownFileType = sourcecode.swift; path = StatLeadersRow.swift; sourceTree = "<group>"; };
		931A422F2A4E36C20032FA76 /* LiveGameDataManager.swift */ = {isa = PBXFileReference; lastKnownFileType = sourcecode.swift; path = LiveGameDataManager.swift; sourceTree = "<group>"; };
		93716C662A5623140094DF4D /* StandingsVC.swift */ = {isa = PBXFileReference; lastKnownFileType = sourcecode.swift; path = StandingsVC.swift; sourceTree = "<group>"; };
		93716C682A5748D20094DF4D /* TabBar.swift */ = {isa = PBXFileReference; lastKnownFileType = sourcecode.swift; path = TabBar.swift; sourceTree = "<group>"; };
		93716C6A2A5776FB0094DF4D /* Assets.xcassets */ = {isa = PBXFileReference; lastKnownFileType = folder.assetcatalog; path = Assets.xcassets; sourceTree = "<group>"; };
		93716C6D2A5891980094DF4D /* StandingsView.swift */ = {isa = PBXFileReference; lastKnownFileType = sourcecode.swift; path = StandingsView.swift; sourceTree = "<group>"; };
		93716C702A58B5BB0094DF4D /* StandingsDataModel.swift */ = {isa = PBXFileReference; lastKnownFileType = sourcecode.swift; path = StandingsDataModel.swift; sourceTree = "<group>"; };
		93716C772A5B47AD0094DF4D /* StandingsViewCell.swift */ = {isa = PBXFileReference; lastKnownFileType = sourcecode.swift; path = StandingsViewCell.swift; sourceTree = "<group>"; };
		93716C792A5BAED90094DF4D /* StandingsViewHeader.swift */ = {isa = PBXFileReference; lastKnownFileType = sourcecode.swift; path = StandingsViewHeader.swift; sourceTree = "<group>"; };
		93716C7B2A5C66B40094DF4D /* StandingsViewFooter.swift */ = {isa = PBXFileReference; lastKnownFileType = sourcecode.swift; path = StandingsViewFooter.swift; sourceTree = "<group>"; };
		93716C7D2A60A76A0094DF4D /* StandingsDataManager.swift */ = {isa = PBXFileReference; lastKnownFileType = sourcecode.swift; path = StandingsDataManager.swift; sourceTree = "<group>"; };
		93C64F6E2B06D825001F4A4D /* SplitTeamColorView.swift */ = {isa = PBXFileReference; lastKnownFileType = sourcecode.swift; path = SplitTeamColorView.swift; sourceTree = "<group>"; };
		93D2CE332A0C4B4F00C480E9 /* Court Vision.app */ = {isa = PBXFileReference; explicitFileType = wrapper.application; includeInIndex = 0; path = "Court Vision.app"; sourceTree = BUILT_PRODUCTS_DIR; };
		93D2CE362A0C4B4F00C480E9 /* AppDelegate.swift */ = {isa = PBXFileReference; lastKnownFileType = sourcecode.swift; path = AppDelegate.swift; sourceTree = "<group>"; };
		93D2CE382A0C4B4F00C480E9 /* SceneDelegate.swift */ = {isa = PBXFileReference; lastKnownFileType = sourcecode.swift; path = SceneDelegate.swift; sourceTree = "<group>"; };
		93D2CE3A2A0C4B4F00C480E9 /* GameSlateVC.swift */ = {isa = PBXFileReference; lastKnownFileType = sourcecode.swift; path = GameSlateVC.swift; sourceTree = "<group>"; };
		93D2CE3D2A0C4B4F00C480E9 /* Base */ = {isa = PBXFileReference; lastKnownFileType = file.storyboard; name = Base; path = Base.lproj/Main.storyboard; sourceTree = "<group>"; };
		93D2CE422A0C4B5100C480E9 /* Base */ = {isa = PBXFileReference; lastKnownFileType = file.storyboard; name = Base; path = Base.lproj/LaunchScreen.storyboard; sourceTree = "<group>"; };
		93D2CE442A0C4B5100C480E9 /* Info.plist */ = {isa = PBXFileReference; lastKnownFileType = text.plist.xml; path = Info.plist; sourceTree = "<group>"; };
		93D2CE4A2A0C4B5F00C480E9 /* ColorManager.swift */ = {isa = PBXFileReference; lastKnownFileType = sourcecode.swift; path = ColorManager.swift; sourceTree = "<group>"; };
		93D2CE502A0C4F1800C480E9 /* GameSlateView.swift */ = {isa = PBXFileReference; lastKnownFileType = sourcecode.swift; path = GameSlateView.swift; sourceTree = "<group>"; };
		93D2CE522A12E28700C480E9 /* GameScoresCell.swift */ = {isa = PBXFileReference; lastKnownFileType = sourcecode.swift; path = GameScoresCell.swift; sourceTree = "<group>"; };
		93D2CE5A2A201EFA00C480E9 /* GameSlateDataModel.swift */ = {isa = PBXFileReference; lastKnownFileType = sourcecode.swift; path = GameSlateDataModel.swift; sourceTree = "<group>"; };
		93D2CE5C2A201F0F00C480E9 /* GameSlateDataManager.swift */ = {isa = PBXFileReference; lastKnownFileType = sourcecode.swift; path = GameSlateDataManager.swift; sourceTree = "<group>"; };
/* End PBXFileReference section */

/* Begin PBXFrameworksBuildPhase section */
		93D2CE302A0C4B4F00C480E9 /* Frameworks */ = {
			isa = PBXFrameworksBuildPhase;
			buildActionMask = 2147483647;
			files = (
			);
			runOnlyForDeploymentPostprocessing = 0;
		};
/* End PBXFrameworksBuildPhase section */

/* Begin PBXGroup section */
		931A42282A4649E30032FA76 /* LiveGameView */ = {
			isa = PBXGroup;
			children = (
				931A42202A410F610032FA76 /* LiveGameView.swift */,
				931A42262A4649C70032FA76 /* QuarterBreakdownView.swift */,
				931A422A2A4A7C0D0032FA76 /* StatLeadersView.swift */,
				931A422C2A4B87200032FA76 /* StatLeadersRow.swift */,
			);
			path = LiveGameView;
			sourceTree = "<group>";
		};
		931A42292A464A040032FA76 /* GameSlateView */ = {
			isa = PBXGroup;
			children = (
				93D2CE502A0C4F1800C480E9 /* GameSlateView.swift */,
				93D2CE522A12E28700C480E9 /* GameScoresCell.swift */,
				93C64F6E2B06D825001F4A4D /* SplitTeamColorView.swift */,
			);
			path = GameSlateView;
			sourceTree = "<group>";
		};
		931A422E2A4E36140032FA76 /* GameSlateModel */ = {
			isa = PBXGroup;
			children = (
				93D2CE5A2A201EFA00C480E9 /* GameSlateDataModel.swift */,
				93D2CE5C2A201F0F00C480E9 /* GameSlateDataManager.swift */,
			);
			path = GameSlateModel;
			sourceTree = "<group>";
		};
		931A42312A4E36C60032FA76 /* LiveGameModel */ = {
			isa = PBXGroup;
			children = (
				93102C852A392EB000BDA639 /* LiveGameDataModel.swift */,
				931A422F2A4E36C20032FA76 /* LiveGameDataManager.swift */,
			);
			path = LiveGameModel;
			sourceTree = "<group>";
		};
		93716C6F2A589EAA0094DF4D /* StandingsView */ = {
			isa = PBXGroup;
			children = (
				93716C6D2A5891980094DF4D /* StandingsView.swift */,
				93716C772A5B47AD0094DF4D /* StandingsViewCell.swift */,
				93716C792A5BAED90094DF4D /* StandingsViewHeader.swift */,
				93716C7B2A5C66B40094DF4D /* StandingsViewFooter.swift */,
			);
			path = StandingsView;
			sourceTree = "<group>";
		};
		93716C722A58B5BF0094DF4D /* Standings Model */ = {
			isa = PBXGroup;
			children = (
				93716C702A58B5BB0094DF4D /* StandingsDataModel.swift */,
				93716C7D2A60A76A0094DF4D /* StandingsDataManager.swift */,
			);
			path = "Standings Model";
			sourceTree = "<group>";
		};
		93D2CE2A2A0C4B4F00C480E9 = {
			isa = PBXGroup;
			children = (
				93D2CE352A0C4B4F00C480E9 /* Court Vision */,
				93D2CE342A0C4B4F00C480E9 /* Products */,
			);
			sourceTree = "<group>";
		};
		93D2CE342A0C4B4F00C480E9 /* Products */ = {
			isa = PBXGroup;
			children = (
				93D2CE332A0C4B4F00C480E9 /* Court Vision.app */,
			);
			name = Products;
			sourceTree = "<group>";
		};
		93D2CE352A0C4B4F00C480E9 /* Court Vision */ = {
			isa = PBXGroup;
			children = (
				93D2CE4A2A0C4B5F00C480E9 /* ColorManager.swift */,
				93D2CE4E2A0C4BED00C480E9 /* Model */,
				93D2CE4C2A0C4BD300C480E9 /* View */,
				93D2CE4D2A0C4BDF00C480E9 /* Controllers */,
				93D2CE4F2A0C4C3800C480E9 /* Delegates */,
				93D2CE3C2A0C4B4F00C480E9 /* Main.storyboard */,
				93D2CE412A0C4B5100C480E9 /* LaunchScreen.storyboard */,
				93D2CE442A0C4B5100C480E9 /* Info.plist */,
				93716C6A2A5776FB0094DF4D /* Assets.xcassets */,
			);
			path = "Court Vision";
			sourceTree = "<group>";
		};
		93D2CE4C2A0C4BD300C480E9 /* View */ = {
			isa = PBXGroup;
			children = (
				931A42292A464A040032FA76 /* GameSlateView */,
				931A42282A4649E30032FA76 /* LiveGameView */,
				93716C6F2A589EAA0094DF4D /* StandingsView */,
			);
			path = View;
			sourceTree = "<group>";
		};
		93D2CE4D2A0C4BDF00C480E9 /* Controllers */ = {
			isa = PBXGroup;
			children = (
				93716C682A5748D20094DF4D /* TabBar.swift */,
				93D2CE3A2A0C4B4F00C480E9 /* GameSlateVC.swift */,
				931A42242A411A870032FA76 /* LiveGameVC.swift */,
				93716C662A5623140094DF4D /* StandingsVC.swift */,
			);
			path = Controllers;
			sourceTree = "<group>";
		};
		93D2CE4E2A0C4BED00C480E9 /* Model */ = {
			isa = PBXGroup;
			children = (
				931A422E2A4E36140032FA76 /* GameSlateModel */,
				931A42312A4E36C60032FA76 /* LiveGameModel */,
				93716C722A58B5BF0094DF4D /* Standings Model */,
			);
			path = Model;
			sourceTree = "<group>";
		};
		93D2CE4F2A0C4C3800C480E9 /* Delegates */ = {
			isa = PBXGroup;
			children = (
				93D2CE362A0C4B4F00C480E9 /* AppDelegate.swift */,
				93D2CE382A0C4B4F00C480E9 /* SceneDelegate.swift */,
			);
			path = Delegates;
			sourceTree = "<group>";
		};
/* End PBXGroup section */

/* Begin PBXNativeTarget section */
		93D2CE322A0C4B4F00C480E9 /* Court Vision */ = {
			isa = PBXNativeTarget;
			buildConfigurationList = 93D2CE472A0C4B5100C480E9 /* Build configuration list for PBXNativeTarget "Court Vision" */;
			buildPhases = (
				93D2CE2F2A0C4B4F00C480E9 /* Sources */,
				93D2CE302A0C4B4F00C480E9 /* Frameworks */,
				93D2CE312A0C4B4F00C480E9 /* Resources */,
			);
			buildRules = (
			);
			dependencies = (
			);
			name = "Court Vision";
			productName = "Court Vision";
			productReference = 93D2CE332A0C4B4F00C480E9 /* Court Vision.app */;
			productType = "com.apple.product-type.application";
		};
/* End PBXNativeTarget section */

/* Begin PBXProject section */
		93D2CE2B2A0C4B4F00C480E9 /* Project object */ = {
			isa = PBXProject;
			attributes = {
				BuildIndependentTargetsInParallel = 1;
				LastSwiftUpdateCheck = 1430;
				LastUpgradeCheck = 1500;
				TargetAttributes = {
					93D2CE322A0C4B4F00C480E9 = {
						CreatedOnToolsVersion = 14.3;
					};
				};
			};
			buildConfigurationList = 93D2CE2E2A0C4B4F00C480E9 /* Build configuration list for PBXProject "Court Vision" */;
			compatibilityVersion = "Xcode 14.0";
			developmentRegion = en;
			hasScannedForEncodings = 0;
			knownRegions = (
				en,
				Base,
			);
			mainGroup = 93D2CE2A2A0C4B4F00C480E9;
			productRefGroup = 93D2CE342A0C4B4F00C480E9 /* Products */;
			projectDirPath = "";
			projectRoot = "";
			targets = (
				93D2CE322A0C4B4F00C480E9 /* Court Vision */,
			);
		};
/* End PBXProject section */

/* Begin PBXResourcesBuildPhase section */
		93D2CE312A0C4B4F00C480E9 /* Resources */ = {
			isa = PBXResourcesBuildPhase;
			buildActionMask = 2147483647;
			files = (
				93D2CE432A0C4B5100C480E9 /* LaunchScreen.storyboard in Resources */,
				93716C6B2A5776FB0094DF4D /* Assets.xcassets in Resources */,
				93D2CE3E2A0C4B4F00C480E9 /* Main.storyboard in Resources */,
			);
			runOnlyForDeploymentPostprocessing = 0;
		};
/* End PBXResourcesBuildPhase section */

/* Begin PBXSourcesBuildPhase section */
		93D2CE2F2A0C4B4F00C480E9 /* Sources */ = {
			isa = PBXSourcesBuildPhase;
			buildActionMask = 2147483647;
			files = (
				93D2CE3B2A0C4B4F00C480E9 /* GameSlateVC.swift in Sources */,
				93716C7A2A5BAED90094DF4D /* StandingsViewHeader.swift in Sources */,
				93716C672A5623140094DF4D /* StandingsVC.swift in Sources */,
				93D2CE532A12E28700C480E9 /* GameScoresCell.swift in Sources */,
				93C64F6F2B06D825001F4A4D /* SplitTeamColorView.swift in Sources */,
				931A422B2A4A7C0D0032FA76 /* StatLeadersView.swift in Sources */,
				931A42212A410F620032FA76 /* LiveGameView.swift in Sources */,
				93102C862A392EB100BDA639 /* LiveGameDataModel.swift in Sources */,
				93D2CE372A0C4B4F00C480E9 /* AppDelegate.swift in Sources */,
				93716C7E2A60A76A0094DF4D /* StandingsDataManager.swift in Sources */,
				93716C692A5748D20094DF4D /* TabBar.swift in Sources */,
				93716C7C2A5C66B40094DF4D /* StandingsViewFooter.swift in Sources */,
				931A42272A4649C70032FA76 /* QuarterBreakdownView.swift in Sources */,
				93716C6E2A5891980094DF4D /* StandingsView.swift in Sources */,
				931A42302A4E36C20032FA76 /* LiveGameDataManager.swift in Sources */,
				93D2CE392A0C4B4F00C480E9 /* SceneDelegate.swift in Sources */,
				93D2CE5B2A201EFA00C480E9 /* GameSlateDataModel.swift in Sources */,
				93716C712A58B5BB0094DF4D /* StandingsDataModel.swift in Sources */,
				93D2CE4B2A0C4B5F00C480E9 /* ColorManager.swift in Sources */,
				93D2CE512A0C4F1800C480E9 /* GameSlateView.swift in Sources */,
				93716C782A5B47AD0094DF4D /* StandingsViewCell.swift in Sources */,
				931A42252A411A870032FA76 /* LiveGameVC.swift in Sources */,
				93D2CE5D2A201F0F00C480E9 /* GameSlateDataManager.swift in Sources */,
				931A422D2A4B87200032FA76 /* StatLeadersRow.swift in Sources */,
			);
			runOnlyForDeploymentPostprocessing = 0;
		};
/* End PBXSourcesBuildPhase section */

/* Begin PBXVariantGroup section */
		93D2CE3C2A0C4B4F00C480E9 /* Main.storyboard */ = {
			isa = PBXVariantGroup;
			children = (
				93D2CE3D2A0C4B4F00C480E9 /* Base */,
			);
			name = Main.storyboard;
			sourceTree = "<group>";
		};
		93D2CE412A0C4B5100C480E9 /* LaunchScreen.storyboard */ = {
			isa = PBXVariantGroup;
			children = (
				93D2CE422A0C4B5100C480E9 /* Base */,
			);
			name = LaunchScreen.storyboard;
			sourceTree = "<group>";
		};
/* End PBXVariantGroup section */

/* Begin XCBuildConfiguration section */
		93D2CE452A0C4B5100C480E9 /* Debug */ = {
			isa = XCBuildConfiguration;
			buildSettings = {
				ALWAYS_SEARCH_USER_PATHS = NO;
				CLANG_ANALYZER_NONNULL = YES;
				CLANG_ANALYZER_NUMBER_OBJECT_CONVERSION = YES_AGGRESSIVE;
				CLANG_CXX_LANGUAGE_STANDARD = "gnu++20";
				CLANG_ENABLE_MODULES = YES;
				CLANG_ENABLE_OBJC_ARC = YES;
				CLANG_ENABLE_OBJC_WEAK = YES;
				CLANG_WARN_BLOCK_CAPTURE_AUTORELEASING = YES;
				CLANG_WARN_BOOL_CONVERSION = YES;
				CLANG_WARN_COMMA = YES;
				CLANG_WARN_CONSTANT_CONVERSION = YES;
				CLANG_WARN_DEPRECATED_OBJC_IMPLEMENTATIONS = YES;
				CLANG_WARN_DIRECT_OBJC_ISA_USAGE = YES_ERROR;
				CLANG_WARN_DOCUMENTATION_COMMENTS = YES;
				CLANG_WARN_EMPTY_BODY = YES;
				CLANG_WARN_ENUM_CONVERSION = YES;
				CLANG_WARN_INFINITE_RECURSION = YES;
				CLANG_WARN_INT_CONVERSION = YES;
				CLANG_WARN_NON_LITERAL_NULL_CONVERSION = YES;
				CLANG_WARN_OBJC_IMPLICIT_RETAIN_SELF = YES;
				CLANG_WARN_OBJC_LITERAL_CONVERSION = YES;
				CLANG_WARN_OBJC_ROOT_CLASS = YES_ERROR;
				CLANG_WARN_QUOTED_INCLUDE_IN_FRAMEWORK_HEADER = YES;
				CLANG_WARN_RANGE_LOOP_ANALYSIS = YES;
				CLANG_WARN_STRICT_PROTOTYPES = YES;
				CLANG_WARN_SUSPICIOUS_MOVE = YES;
				CLANG_WARN_UNGUARDED_AVAILABILITY = YES_AGGRESSIVE;
				CLANG_WARN_UNREACHABLE_CODE = YES;
				CLANG_WARN__DUPLICATE_METHOD_MATCH = YES;
				COPY_PHASE_STRIP = NO;
				DEBUG_INFORMATION_FORMAT = dwarf;
				ENABLE_STRICT_OBJC_MSGSEND = YES;
				ENABLE_TESTABILITY = YES;
				ENABLE_USER_SCRIPT_SANDBOXING = YES;
				GCC_C_LANGUAGE_STANDARD = gnu11;
				GCC_DYNAMIC_NO_PIC = NO;
				GCC_NO_COMMON_BLOCKS = YES;
				GCC_OPTIMIZATION_LEVEL = 0;
				GCC_PREPROCESSOR_DEFINITIONS = (
					"DEBUG=1",
					"$(inherited)",
				);
				GCC_WARN_64_TO_32_BIT_CONVERSION = YES;
				GCC_WARN_ABOUT_RETURN_TYPE = YES_ERROR;
				GCC_WARN_UNDECLARED_SELECTOR = YES;
				GCC_WARN_UNINITIALIZED_AUTOS = YES_AGGRESSIVE;
				GCC_WARN_UNUSED_FUNCTION = YES;
				GCC_WARN_UNUSED_VARIABLE = YES;
				IPHONEOS_DEPLOYMENT_TARGET = 16.4;
				MTL_ENABLE_DEBUG_INFO = INCLUDE_SOURCE;
				MTL_FAST_MATH = YES;
				ONLY_ACTIVE_ARCH = YES;
				SDKROOT = iphoneos;
				SWIFT_ACTIVE_COMPILATION_CONDITIONS = DEBUG;
				SWIFT_OPTIMIZATION_LEVEL = "-Onone";
			};
			name = Debug;
		};
		93D2CE462A0C4B5100C480E9 /* Release */ = {
			isa = XCBuildConfiguration;
			buildSettings = {
				ALWAYS_SEARCH_USER_PATHS = NO;
				CLANG_ANALYZER_NONNULL = YES;
				CLANG_ANALYZER_NUMBER_OBJECT_CONVERSION = YES_AGGRESSIVE;
				CLANG_CXX_LANGUAGE_STANDARD = "gnu++20";
				CLANG_ENABLE_MODULES = YES;
				CLANG_ENABLE_OBJC_ARC = YES;
				CLANG_ENABLE_OBJC_WEAK = YES;
				CLANG_WARN_BLOCK_CAPTURE_AUTORELEASING = YES;
				CLANG_WARN_BOOL_CONVERSION = YES;
				CLANG_WARN_COMMA = YES;
				CLANG_WARN_CONSTANT_CONVERSION = YES;
				CLANG_WARN_DEPRECATED_OBJC_IMPLEMENTATIONS = YES;
				CLANG_WARN_DIRECT_OBJC_ISA_USAGE = YES_ERROR;
				CLANG_WARN_DOCUMENTATION_COMMENTS = YES;
				CLANG_WARN_EMPTY_BODY = YES;
				CLANG_WARN_ENUM_CONVERSION = YES;
				CLANG_WARN_INFINITE_RECURSION = YES;
				CLANG_WARN_INT_CONVERSION = YES;
				CLANG_WARN_NON_LITERAL_NULL_CONVERSION = YES;
				CLANG_WARN_OBJC_IMPLICIT_RETAIN_SELF = YES;
				CLANG_WARN_OBJC_LITERAL_CONVERSION = YES;
				CLANG_WARN_OBJC_ROOT_CLASS = YES_ERROR;
				CLANG_WARN_QUOTED_INCLUDE_IN_FRAMEWORK_HEADER = YES;
				CLANG_WARN_RANGE_LOOP_ANALYSIS = YES;
				CLANG_WARN_STRICT_PROTOTYPES = YES;
				CLANG_WARN_SUSPICIOUS_MOVE = YES;
				CLANG_WARN_UNGUARDED_AVAILABILITY = YES_AGGRESSIVE;
				CLANG_WARN_UNREACHABLE_CODE = YES;
				CLANG_WARN__DUPLICATE_METHOD_MATCH = YES;
				COPY_PHASE_STRIP = NO;
				DEBUG_INFORMATION_FORMAT = "dwarf-with-dsym";
				ENABLE_NS_ASSERTIONS = NO;
				ENABLE_STRICT_OBJC_MSGSEND = YES;
				ENABLE_USER_SCRIPT_SANDBOXING = YES;
				GCC_C_LANGUAGE_STANDARD = gnu11;
				GCC_NO_COMMON_BLOCKS = YES;
				GCC_WARN_64_TO_32_BIT_CONVERSION = YES;
				GCC_WARN_ABOUT_RETURN_TYPE = YES_ERROR;
				GCC_WARN_UNDECLARED_SELECTOR = YES;
				GCC_WARN_UNINITIALIZED_AUTOS = YES_AGGRESSIVE;
				GCC_WARN_UNUSED_FUNCTION = YES;
				GCC_WARN_UNUSED_VARIABLE = YES;
				IPHONEOS_DEPLOYMENT_TARGET = 16.4;
				MTL_ENABLE_DEBUG_INFO = NO;
				MTL_FAST_MATH = YES;
				SDKROOT = iphoneos;
				SWIFT_COMPILATION_MODE = wholemodule;
				SWIFT_OPTIMIZATION_LEVEL = "-O";
				VALIDATE_PRODUCT = YES;
			};
			name = Release;
		};
		93D2CE482A0C4B5100C480E9 /* Debug */ = {
			isa = XCBuildConfiguration;
			buildSettings = {
				ASSETCATALOG_COMPILER_APPICON_NAME = AppIcon;
				ASSETCATALOG_COMPILER_GLOBAL_ACCENT_COLOR_NAME = AccentColor;
				CODE_SIGN_STYLE = Automatic;
				CURRENT_PROJECT_VERSION = 1;
				DEVELOPMENT_TEAM = 2GNX9Y2SZ7;
				GENERATE_INFOPLIST_FILE = YES;
				INFOPLIST_FILE = "Court Vision/Info.plist";
				INFOPLIST_KEY_CFBundleDisplayName = "Court Vision";
				INFOPLIST_KEY_LSApplicationCategoryType = "public.app-category.sports";
				INFOPLIST_KEY_UIApplicationSupportsIndirectInputEvents = YES;
				INFOPLIST_KEY_UILaunchStoryboardName = LaunchScreen;
				INFOPLIST_KEY_UIMainStoryboardFile = Main;
				INFOPLIST_KEY_UISupportedInterfaceOrientations = UIInterfaceOrientationPortrait;
				IPHONEOS_DEPLOYMENT_TARGET = 16.0;
				LD_RUNPATH_SEARCH_PATHS = (
					"$(inherited)",
					"@executable_path/Frameworks",
				);
				MARKETING_VERSION = 1.4;
				PRODUCT_BUNDLE_IDENTIFIER = "DanielOcasio.Court-Vision";
				PRODUCT_NAME = "$(TARGET_NAME)";
				SUPPORTED_PLATFORMS = "iphoneos iphonesimulator";
				SUPPORTS_MACCATALYST = NO;
				SUPPORTS_MAC_DESIGNED_FOR_IPHONE_IPAD = YES;
				SWIFT_EMIT_LOC_STRINGS = YES;
				SWIFT_VERSION = 5.0;
				TARGETED_DEVICE_FAMILY = 1;
			};
			name = Debug;
		};
		93D2CE492A0C4B5100C480E9 /* Release */ = {
			isa = XCBuildConfiguration;
			buildSettings = {
				ASSETCATALOG_COMPILER_APPICON_NAME = AppIcon;
				ASSETCATALOG_COMPILER_GLOBAL_ACCENT_COLOR_NAME = AccentColor;
				CODE_SIGN_STYLE = Automatic;
				CURRENT_PROJECT_VERSION = 1;
				DEVELOPMENT_TEAM = 2GNX9Y2SZ7;
				GENERATE_INFOPLIST_FILE = YES;
				INFOPLIST_FILE = "Court Vision/Info.plist";
				INFOPLIST_KEY_CFBundleDisplayName = "Court Vision";
				INFOPLIST_KEY_LSApplicationCategoryType = "public.app-category.sports";
				INFOPLIST_KEY_UIApplicationSupportsIndirectInputEvents = YES;
				INFOPLIST_KEY_UILaunchStoryboardName = LaunchScreen;
				INFOPLIST_KEY_UIMainStoryboardFile = Main;
				INFOPLIST_KEY_UISupportedInterfaceOrientations = UIInterfaceOrientationPortrait;
				IPHONEOS_DEPLOYMENT_TARGET = 16.0;
				LD_RUNPATH_SEARCH_PATHS = (
					"$(inherited)",
					"@executable_path/Frameworks",
				);
				MARKETING_VERSION = 1.4;
				PRODUCT_BUNDLE_IDENTIFIER = "DanielOcasio.Court-Vision";
				PRODUCT_NAME = "$(TARGET_NAME)";
				SUPPORTED_PLATFORMS = "iphoneos iphonesimulator";
				SUPPORTS_MACCATALYST = NO;
				SUPPORTS_MAC_DESIGNED_FOR_IPHONE_IPAD = YES;
				SWIFT_EMIT_LOC_STRINGS = YES;
				SWIFT_VERSION = 5.0;
				TARGETED_DEVICE_FAMILY = 1;
			};
			name = Release;
		};
/* End XCBuildConfiguration section */

/* Begin XCConfigurationList section */
		93D2CE2E2A0C4B4F00C480E9 /* Build configuration list for PBXProject "Court Vision" */ = {
			isa = XCConfigurationList;
			buildConfigurations = (
				93D2CE452A0C4B5100C480E9 /* Debug */,
				93D2CE462A0C4B5100C480E9 /* Release */,
			);
			defaultConfigurationIsVisible = 0;
			defaultConfigurationName = Release;
		};
		93D2CE472A0C4B5100C480E9 /* Build configuration list for PBXNativeTarget "Court Vision" */ = {
			isa = XCConfigurationList;
			buildConfigurations = (
				93D2CE482A0C4B5100C480E9 /* Debug */,
				93D2CE492A0C4B5100C480E9 /* Release */,
			);
			defaultConfigurationIsVisible = 0;
			defaultConfigurationName = Release;
		};
/* End XCConfigurationList section */
	};
	rootObject = 93D2CE2B2A0C4B4F00C480E9 /* Project object */;
}
